
Microsoft Visual Studio Solution File, Format Version 10.00
# Visual Studio 2008
Project("{FAE04EC0-301F-11D3-BF4B-00C04F79EFBC}") = "HelloWorldWeb", "HelloWorldWeb\HelloWorldWeb.csproj", "{693319E2-326C-487F-9929-D55B229B8CAD}"
EndProject
Global
	GlobalSection(SolutionConfigurationPlatforms) = preSolution
		Debug|Any CPU = Debug|Any CPU
		Release|Any CPU = Release|Any CPU
	EndGlobalSection
	GlobalSection(ProjectConfigurationPlatforms) = postSolution
		{693319E2-326C-487F-9929-D55B229B8CAD}.Debug|Any CPU.ActiveCfg = Debug|Any CPU
		{693319E2-326C-487F-9929-D55B229B8CAD}.Debug|Any CPU.Build.0 = Debug|Any CPU
		{693319E2-326C-487F-9929-D55B229B8CAD}.Release|Any CPU.ActiveCfg = Release|Any CPU
		{693319E2-326C-487F-9929-D55B229B8CAD}.Release|Any CPU.Build.0 = Release|Any CPU
	EndGlobalSection
	GlobalSection(SolutionProperties) = preSolution
		HideSolutionNode = FALSE
	EndGlobalSection
EndGlobal
